
Microsoft Visual Studio Solution File, Format Version 12.00
# Visual Studio 15
VisualStudioVersion = 15.0.27428.2043
MinimumVisualStudioVersion = 10.0.40219.1
Project("{FAE04EC0-301F-11D3-BF4B-00C04F79EFBC}") = "RjmLogin", "RjmLogin\RjmLogin.csproj", "{E88DCE2E-B591-4A09-983B-A3C5C57BD567}"
EndProject
Global
	GlobalSection(SolutionConfigurationPlatforms) = preSolution
		Debug|Any CPU = Debug|Any CPU
		Release|Any CPU = Release|Any CPU
	EndGlobalSection
	GlobalSection(ProjectConfigurationPlatforms) = postSolution
		{E88DCE2E-B591-4A09-983B-A3C5C57BD567}.Debug|Any CPU.ActiveCfg = Debug|Any CPU
		{E88DCE2E-B591-4A09-983B-A3C5C57BD567}.Debug|Any CPU.Build.0 = Debug|Any CPU
		{E88DCE2E-B591-4A09-983B-A3C5C57BD567}.Release|Any CPU.ActiveCfg = Release|Any CPU
		{E88DCE2E-B591-4A09-983B-A3C5C57BD567}.Release|Any CPU.Build.0 = Release|Any CPU
	EndGlobalSection
	GlobalSection(SolutionProperties) = preSolution
		HideSolutionNode = FALSE
	EndGlobalSection
	GlobalSection(ExtensibilityGlobals) = postSolution
		SolutionGuid = {E60B2103-994E-40D7-9690-A917A4F97F33}
	EndGlobalSection
EndGlobal
